
Microsoft Visual Studio Solution File, Format Version 12.00
# Visual Studio Version 17
VisualStudioVersion = 17.8.34525.116
MinimumVisualStudioVersion = 10.0.40219.1
Project("{9A19103F-16F7-4668-BE54-9A1E7A4F7556}") = "EpamHomeTask.Tests", "epam-home-task\EpamHomeTask.Tests.csproj", "{76E39BCA-2A37-46FA-B436-FE81613E6686}"
EndProject
Project("{9A19103F-16F7-4668-BE54-9A1E7A4F7556}") = "EpamHomeTask.Business", "EpamHomeTask.Pages\EpamHomeTask.Business.csproj", "{9C3A2B9B-1922-4A3E-89CB-EDBC41DF0C86}"
EndProject
Project("{9A19103F-16F7-4668-BE54-9A1E7A4F7556}") = "EpamHomeTask.Core", "EpamHomeTask.Core\EpamHomeTask.Core.csproj", "{FE4F9F8B-EEF1-4CC2-876A-F66EA3B05B04}"
EndProject
Global
	GlobalSection(SolutionConfigurationPlatforms) = preSolution
		Debug|Any CPU = Debug|Any CPU
		Release|Any CPU = Release|Any CPU
	EndGlobalSection
	GlobalSection(ProjectConfigurationPlatforms) = postSolution
		{76E39BCA-2A37-46FA-B436-FE81613E6686}.Debug|Any CPU.ActiveCfg = Debug|Any CPU
		{76E39BCA-2A37-46FA-B436-FE81613E6686}.Debug|Any CPU.Build.0 = Debug|Any CPU
		{76E39BCA-2A37-46FA-B436-FE81613E6686}.Release|Any CPU.ActiveCfg = Release|Any CPU
		{76E39BCA-2A37-46FA-B436-FE81613E6686}.Release|Any CPU.Build.0 = Release|Any CPU
		{9C3A2B9B-1922-4A3E-89CB-EDBC41DF0C86}.Debug|Any CPU.ActiveCfg = Debug|Any CPU
		{9C3A2B9B-1922-4A3E-89CB-EDBC41DF0C86}.Debug|Any CPU.Build.0 = Debug|Any CPU
		{9C3A2B9B-1922-4A3E-89CB-EDBC41DF0C86}.Release|Any CPU.ActiveCfg = Release|Any CPU
		{9C3A2B9B-1922-4A3E-89CB-EDBC41DF0C86}.Release|Any CPU.Build.0 = Release|Any CPU
		{FE4F9F8B-EEF1-4CC2-876A-F66EA3B05B04}.Debug|Any CPU.ActiveCfg = Debug|Any CPU
		{FE4F9F8B-EEF1-4CC2-876A-F66EA3B05B04}.Debug|Any CPU.Build.0 = Debug|Any CPU
		{FE4F9F8B-EEF1-4CC2-876A-F66EA3B05B04}.Release|Any CPU.ActiveCfg = Release|Any CPU
		{FE4F9F8B-EEF1-4CC2-876A-F66EA3B05B04}.Release|Any CPU.Build.0 = Release|Any CPU
	EndGlobalSection
	GlobalSection(SolutionProperties) = preSolution
		HideSolutionNode = FALSE
	EndGlobalSection
	GlobalSection(ExtensibilityGlobals) = postSolution
		SolutionGuid = {5354D750-6ED5-4DB5-905B-BAACC5D59E72}
	EndGlobalSection
EndGlobal
